
Microsoft Visual Studio Solution File, Format Version 12.00
# Visual Studio Version 17
VisualStudioVersion = 17.8.34112.27
MinimumVisualStudioVersion = 10.0.40219.1
Project("{FAE04EC0-301F-11D3-BF4B-00C04F79EFBC}") = "HW4_Second_Part", "HW4_Second_Part.csproj", "{AA9634A8-9A6C-4C0C-A722-0A908244FAE9}"
EndProject
Global
	GlobalSection(SolutionConfigurationPlatforms) = preSolution
		Debug|Any CPU = Debug|Any CPU
		Release|Any CPU = Release|Any CPU
	EndGlobalSection
	GlobalSection(ProjectConfigurationPlatforms) = postSolution
		{AA9634A8-9A6C-4C0C-A722-0A908244FAE9}.Debug|Any CPU.ActiveCfg = Debug|Any CPU
		{AA9634A8-9A6C-4C0C-A722-0A908244FAE9}.Debug|Any CPU.Build.0 = Debug|Any CPU
		{AA9634A8-9A6C-4C0C-A722-0A908244FAE9}.Release|Any CPU.ActiveCfg = Release|Any CPU
		{AA9634A8-9A6C-4C0C-A722-0A908244FAE9}.Release|Any CPU.Build.0 = Release|Any CPU
	EndGlobalSection
	GlobalSection(SolutionProperties) = preSolution
		HideSolutionNode = FALSE
	EndGlobalSection
	GlobalSection(ExtensibilityGlobals) = postSolution
		SolutionGuid = {83A3AFC8-6FEB-4B4E-B1BA-5206B601B5D9}
	EndGlobalSection
EndGlobal
